
Microsoft Visual Studio Solution File, Format Version 12.00
# Visual Studio Version 17
VisualStudioVersion = 17.10.35004.147
MinimumVisualStudioVersion = 10.0.40219.1
Project("{FAE04EC0-301F-11D3-BF4B-00C04F79EFBC}") = "FaceIA", "FaceIA\FaceIA.csproj", "{F6AD5721-6D81-4B39-8031-5456A168DCEC}"
EndProject
Global
	GlobalSection(SolutionConfigurationPlatforms) = preSolution
		Debug|Any CPU = Debug|Any CPU
		Release|Any CPU = Release|Any CPU
	EndGlobalSection
	GlobalSection(ProjectConfigurationPlatforms) = postSolution
		{F6AD5721-6D81-4B39-8031-5456A168DCEC}.Debug|Any CPU.ActiveCfg = Debug|Any CPU
		{F6AD5721-6D81-4B39-8031-5456A168DCEC}.Debug|Any CPU.Build.0 = Debug|Any CPU
		{F6AD5721-6D81-4B39-8031-5456A168DCEC}.Release|Any CPU.ActiveCfg = Release|Any CPU
		{F6AD5721-6D81-4B39-8031-5456A168DCEC}.Release|Any CPU.Build.0 = Release|Any CPU
	EndGlobalSection
	GlobalSection(SolutionProperties) = preSolution
		HideSolutionNode = FALSE
	EndGlobalSection
	GlobalSection(ExtensibilityGlobals) = postSolution
		SolutionGuid = {F8787805-F6EF-40B3-8AFC-BD7901E28ED1}
	EndGlobalSection
EndGlobal
